// !$*UTF8*$!
{
	archiveVersion = 1;
	classes = {
	};
	objectVersion = 46;
	objects = {

/* Begin PBXBuildFile section */
		4DCB710B1C4E95A40027B59B /* RxSwift.framework in Frameworks */ = {isa = PBXBuildFile; fileRef = 4DCB710A1C4E95A40027B59B /* RxSwift.framework */; };
		4DCB710C1C4E95A40027B59B /* RxSwift.framework in Embed Frameworks */ = {isa = PBXBuildFile; fileRef = 4DCB710A1C4E95A40027B59B /* RxSwift.framework */; settings = {ATTRIBUTES = (CodeSignOnCopy, RemoveHeadersOnCopy, ); }; };
		4DCB710E1C4EA6220027B59B /* RxCocoa.framework in Frameworks */ = {isa = PBXBuildFile; fileRef = 4DCB710D1C4EA6220027B59B /* RxCocoa.framework */; };
		4DCB710F1C4EA6220027B59B /* RxCocoa.framework in Embed Frameworks */ = {isa = PBXBuildFile; fileRef = 4DCB710D1C4EA6220027B59B /* RxCocoa.framework */; settings = {ATTRIBUTES = (CodeSignOnCopy, RemoveHeadersOnCopy, ); }; };
		4DCB71121C4EABB50027B59B /* RxOperators.swift in Sources */ = {isa = PBXBuildFile; fileRef = 4DCB71101C4EABB50027B59B /* RxOperators.swift */; };
		4DCB71141C4EABB90027B59B /* RxOperatorsTests.swift in Sources */ = {isa = PBXBuildFile; fileRef = 4DCB71111C4EABB50027B59B /* RxOperatorsTests.swift */; };
		4DCB71161C4EABC70027B59B /* Optional.swift in Sources */ = {isa = PBXBuildFile; fileRef = 4DCB71151C4EABC70027B59B /* Optional.swift */; };
		4DCB71181C4EAD020027B59B /* RxVariableBinding.swift in Sources */ = {isa = PBXBuildFile; fileRef = 4DCB71171C4EAD020027B59B /* RxVariableBinding.swift */; };
		4DCB711A1C4EAD0C0027B59B /* RxVariableBindingTests.swift in Sources */ = {isa = PBXBuildFile; fileRef = 4DCB71191C4EAD0C0027B59B /* RxVariableBindingTests.swift */; };
		4DCB711C1C4EAF030027B59B /* RxDisposal.swift in Sources */ = {isa = PBXBuildFile; fileRef = 4DCB711B1C4EAF030027B59B /* RxDisposal.swift */; };
		5A1839351BEA6BC900622B04 /* AppDelegate.swift in Sources */ = {isa = PBXBuildFile; fileRef = 5A1839341BEA6BC900622B04 /* AppDelegate.swift */; };
		5A1839371BEA6BC900622B04 /* SearchyController.swift in Sources */ = {isa = PBXBuildFile; fileRef = 5A1839361BEA6BC900622B04 /* SearchyController.swift */; };
		5A18393E1BEA6BC900622B04 /* Assets.xcassets in Resources */ = {isa = PBXBuildFile; fileRef = 5A18393D1BEA6BC900622B04 /* Assets.xcassets */; };
		5A1839411BEA6BC900622B04 /* LaunchScreen.storyboard in Resources */ = {isa = PBXBuildFile; fileRef = 5A18393F1BEA6BC900622B04 /* LaunchScreen.storyboard */; };
		5A18395B1BEA764000622B04 /* Result.framework in Frameworks */ = {isa = PBXBuildFile; fileRef = 5A1839561BEA762100622B04 /* Result.framework */; };
		5A18395C1BEA764000622B04 /* Result.framework in Embed Frameworks */ = {isa = PBXBuildFile; fileRef = 5A1839561BEA762100622B04 /* Result.framework */; settings = {ATTRIBUTES = (CodeSignOnCopy, RemoveHeadersOnCopy, ); }; };
		5A18395E1BEA7B4B00622B04 /* SearchyBinding.swift in Sources */ = {isa = PBXBuildFile; fileRef = 5A18395D1BEA7B4B00622B04 /* SearchyBinding.swift */; };
		5A1839601BEA7B8500622B04 /* SearchyModel.swift in Sources */ = {isa = PBXBuildFile; fileRef = 5A18395F1BEA7B8500622B04 /* SearchyModel.swift */; };
		5A1839621BEA7D8400622B04 /* SearchService.swift in Sources */ = {isa = PBXBuildFile; fileRef = 5A1839611BEA7D8400622B04 /* SearchService.swift */; };
		5A1839641BEA846900622B04 /* SearchResult.swift in Sources */ = {isa = PBXBuildFile; fileRef = 5A1839631BEA846900622B04 /* SearchResult.swift */; };
		5A1839661BEA866400622B04 /* NetworkLayer.swift in Sources */ = {isa = PBXBuildFile; fileRef = 5A1839651BEA866300622B04 /* NetworkLayer.swift */; };
		5A3A5FAA1BF3936800A99B68 /* SearchyModelTests.swift in Sources */ = {isa = PBXBuildFile; fileRef = 5A3A5FA91BF3936800A99B68 /* SearchyModelTests.swift */; };
		5A3A5FB21BF39D8800A99B68 /* Result.framework in Frameworks */ = {isa = PBXBuildFile; fileRef = 5A1839561BEA762100622B04 /* Result.framework */; };
		5A3A5FB61BF3F23700A99B68 /* main.swift in Sources */ = {isa = PBXBuildFile; fileRef = 5A3A5FB51BF3F23700A99B68 /* main.swift */; };
		5A6326AD1BFA6FBD000B07CC /* SearchyDetailController.swift in Sources */ = {isa = PBXBuildFile; fileRef = 5A6326AC1BFA6FBD000B07CC /* SearchyDetailController.swift */; };
		5A6326AF1BFA7189000B07CC /* ImageProvider.swift in Sources */ = {isa = PBXBuildFile; fileRef = 5A6326AE1BFA7189000B07CC /* ImageProvider.swift */; };
		5A6326B11BFA7355000B07CC /* ImageProviderTests.swift in Sources */ = {isa = PBXBuildFile; fileRef = 5A6326B01BFA7355000B07CC /* ImageProviderTests.swift */; };
		5A6326B61BFA7B75000B07CC /* clone-1.png in Resources */ = {isa = PBXBuildFile; fileRef = 5A6326B21BFA7B75000B07CC /* clone-1.png */; };
		5A6326B71BFA7B75000B07CC /* clone-2.png in Resources */ = {isa = PBXBuildFile; fileRef = 5A6326B31BFA7B75000B07CC /* clone-2.png */; };
		5A6326B81BFA7B75000B07CC /* clone-3.png in Resources */ = {isa = PBXBuildFile; fileRef = 5A6326B41BFA7B75000B07CC /* clone-3.png */; };
		5A6326B91BFA7B75000B07CC /* clone-4.png in Resources */ = {isa = PBXBuildFile; fileRef = 5A6326B51BFA7B75000B07CC /* clone-4.png */; };
		5A6326BF1BFA8ACE000B07CC /* ApplicationContext.swift in Sources */ = {isa = PBXBuildFile; fileRef = 5A6326BE1BFA8ACE000B07CC /* ApplicationContext.swift */; };
		5A6326C11BFA8C53000B07CC /* SearchyCell.swift in Sources */ = {isa = PBXBuildFile; fileRef = 5A6326C01BFA8C53000B07CC /* SearchyCell.swift */; };
		5A6326C31BFB8630000B07CC /* SearchyDisplayItem.swift in Sources */ = {isa = PBXBuildFile; fileRef = 5A6326C21BFB8630000B07CC /* SearchyDisplayItem.swift */; };
		5A6326C51BFB868E000B07CC /* SearchyDetailView.swift in Sources */ = {isa = PBXBuildFile; fileRef = 5A6326C41BFB868E000B07CC /* SearchyDetailView.swift */; };
		5A8E37201BFA262700D6E6BC /* Transition.swift in Sources */ = {isa = PBXBuildFile; fileRef = 5A8E371F1BFA262700D6E6BC /* Transition.swift */; };
		5AEB20631BEB9D7700418692 /* SearchyView.swift in Sources */ = {isa = PBXBuildFile; fileRef = 5AEB20621BEB9D7700418692 /* SearchyView.swift */; };
/* End PBXBuildFile section */

/* Begin PBXContainerItemProxy section */
		5A3A5FAC1BF3936800A99B68 /* PBXContainerItemProxy */ = {
			isa = PBXContainerItemProxy;
			containerPortal = 5A1839291BEA6BC900622B04 /* Project object */;
			proxyType = 1;
			remoteGlobalIDString = 5A1839301BEA6BC900622B04;
			remoteInfo = Searchy;
		};
/* End PBXContainerItemProxy section */

/* Begin PBXCopyFilesBuildPhase section */
		5A1839541BEA75AE00622B04 /* Embed Frameworks */ = {
			isa = PBXCopyFilesBuildPhase;
			buildActionMask = 2147483647;
			dstPath = "";
			dstSubfolderSpec = 10;
			files = (
				4DCB710F1C4EA6220027B59B /* RxCocoa.framework in Embed Frameworks */,
				5A18395C1BEA764000622B04 /* Result.framework in Embed Frameworks */,
				4DCB710C1C4E95A40027B59B /* RxSwift.framework in Embed Frameworks */,
			);
			name = "Embed Frameworks";
			runOnlyForDeploymentPostprocessing = 0;
		};
/* End PBXCopyFilesBuildPhase section */

/* Begin PBXFileReference section */
		4DCB710A1C4E95A40027B59B /* RxSwift.framework */ = {isa = PBXFileReference; lastKnownFileType = wrapper.framework; name = RxSwift.framework; path = Carthage/Build/iOS/RxSwift.framework; sourceTree = "<group>"; };
		4DCB710D1C4EA6220027B59B /* RxCocoa.framework */ = {isa = PBXFileReference; lastKnownFileType = wrapper.framework; name = RxCocoa.framework; path = Carthage/Build/iOS/RxCocoa.framework; sourceTree = "<group>"; };
		4DCB71101C4EABB50027B59B /* RxOperators.swift */ = {isa = PBXFileReference; fileEncoding = 4; lastKnownFileType = sourcecode.swift; path = RxOperators.swift; sourceTree = "<group>"; };
		4DCB71111C4EABB50027B59B /* RxOperatorsTests.swift */ = {isa = PBXFileReference; fileEncoding = 4; lastKnownFileType = sourcecode.swift; path = RxOperatorsTests.swift; sourceTree = "<group>"; };
		4DCB71151C4EABC70027B59B /* Optional.swift */ = {isa = PBXFileReference; fileEncoding = 4; lastKnownFileType = sourcecode.swift; path = Optional.swift; sourceTree = "<group>"; };
		4DCB71171C4EAD020027B59B /* RxVariableBinding.swift */ = {isa = PBXFileReference; fileEncoding = 4; lastKnownFileType = sourcecode.swift; path = RxVariableBinding.swift; sourceTree = "<group>"; };
		4DCB71191C4EAD0C0027B59B /* RxVariableBindingTests.swift */ = {isa = PBXFileReference; fileEncoding = 4; lastKnownFileType = sourcecode.swift; path = RxVariableBindingTests.swift; sourceTree = "<group>"; };
		4DCB711B1C4EAF030027B59B /* RxDisposal.swift */ = {isa = PBXFileReference; fileEncoding = 4; lastKnownFileType = sourcecode.swift; path = RxDisposal.swift; sourceTree = "<group>"; };
		5A1839311BEA6BC900622B04 /* Searchy.app */ = {isa = PBXFileReference; explicitFileType = wrapper.application; includeInIndex = 0; path = Searchy.app; sourceTree = BUILT_PRODUCTS_DIR; };
		5A1839341BEA6BC900622B04 /* AppDelegate.swift */ = {isa = PBXFileReference; lastKnownFileType = sourcecode.swift; path = AppDelegate.swift; sourceTree = "<group>"; };
		5A1839361BEA6BC900622B04 /* SearchyController.swift */ = {isa = PBXFileReference; lastKnownFileType = sourcecode.swift; path = SearchyController.swift; sourceTree = "<group>"; };
		5A18393D1BEA6BC900622B04 /* Assets.xcassets */ = {isa = PBXFileReference; lastKnownFileType = folder.assetcatalog; path = Assets.xcassets; sourceTree = "<group>"; };
		5A1839401BEA6BC900622B04 /* Base */ = {isa = PBXFileReference; lastKnownFileType = file.storyboard; name = Base; path = Base.lproj/LaunchScreen.storyboard; sourceTree = "<group>"; };
		5A1839421BEA6BC900622B04 /* Info.plist */ = {isa = PBXFileReference; lastKnownFileType = text.plist.xml; path = Info.plist; sourceTree = "<group>"; };
		5A1839561BEA762100622B04 /* Result.framework */ = {isa = PBXFileReference; lastKnownFileType = wrapper.framework; name = Result.framework; path = Carthage/Build/iOS/Result.framework; sourceTree = "<group>"; };
		5A18395D1BEA7B4B00622B04 /* SearchyBinding.swift */ = {isa = PBXFileReference; fileEncoding = 4; lastKnownFileType = sourcecode.swift; path = SearchyBinding.swift; sourceTree = "<group>"; };
		5A18395F1BEA7B8500622B04 /* SearchyModel.swift */ = {isa = PBXFileReference; fileEncoding = 4; lastKnownFileType = sourcecode.swift; path = SearchyModel.swift; sourceTree = "<group>"; };
		5A1839611BEA7D8400622B04 /* SearchService.swift */ = {isa = PBXFileReference; fileEncoding = 4; lastKnownFileType = sourcecode.swift; path = SearchService.swift; sourceTree = "<group>"; };
		5A1839631BEA846900622B04 /* SearchResult.swift */ = {isa = PBXFileReference; fileEncoding = 4; lastKnownFileType = sourcecode.swift; path = SearchResult.swift; sourceTree = "<group>"; };
		5A1839651BEA866300622B04 /* NetworkLayer.swift */ = {isa = PBXFileReference; fileEncoding = 4; lastKnownFileType = sourcecode.swift; path = NetworkLayer.swift; sourceTree = "<group>"; };
		5A3A5FA71BF3936800A99B68 /* SearchyTests.xctest */ = {isa = PBXFileReference; explicitFileType = wrapper.cfbundle; includeInIndex = 0; path = SearchyTests.xctest; sourceTree = BUILT_PRODUCTS_DIR; };
		5A3A5FA91BF3936800A99B68 /* SearchyModelTests.swift */ = {isa = PBXFileReference; lastKnownFileType = sourcecode.swift; path = SearchyModelTests.swift; sourceTree = "<group>"; };
		5A3A5FAB1BF3936800A99B68 /* Info.plist */ = {isa = PBXFileReference; lastKnownFileType = text.plist.xml; path = Info.plist; sourceTree = "<group>"; };
		5A3A5FB51BF3F23700A99B68 /* main.swift */ = {isa = PBXFileReference; fileEncoding = 4; lastKnownFileType = sourcecode.swift; path = main.swift; sourceTree = "<group>"; };
		5A6326AC1BFA6FBD000B07CC /* SearchyDetailController.swift */ = {isa = PBXFileReference; fileEncoding = 4; lastKnownFileType = sourcecode.swift; path = SearchyDetailController.swift; sourceTree = "<group>"; };
		5A6326AE1BFA7189000B07CC /* ImageProvider.swift */ = {isa = PBXFileReference; fileEncoding = 4; lastKnownFileType = sourcecode.swift; path = ImageProvider.swift; sourceTree = "<group>"; };
		5A6326B01BFA7355000B07CC /* ImageProviderTests.swift */ = {isa = PBXFileReference; fileEncoding = 4; lastKnownFileType = sourcecode.swift; path = ImageProviderTests.swift; sourceTree = "<group>"; };
		5A6326B21BFA7B75000B07CC /* clone-1.png */ = {isa = PBXFileReference; lastKnownFileType = image.png; path = "clone-1.png"; sourceTree = "<group>"; };
		5A6326B31BFA7B75000B07CC /* clone-2.png */ = {isa = PBXFileReference; lastKnownFileType = image.png; path = "clone-2.png"; sourceTree = "<group>"; };
		5A6326B41BFA7B75000B07CC /* clone-3.png */ = {isa = PBXFileReference; lastKnownFileType = image.png; path = "clone-3.png"; sourceTree = "<group>"; };
		5A6326B51BFA7B75000B07CC /* clone-4.png */ = {isa = PBXFileReference; lastKnownFileType = image.png; path = "clone-4.png"; sourceTree = "<group>"; };
		5A6326BE1BFA8ACE000B07CC /* ApplicationContext.swift */ = {isa = PBXFileReference; fileEncoding = 4; lastKnownFileType = sourcecode.swift; path = ApplicationContext.swift; sourceTree = "<group>"; };
		5A6326C01BFA8C53000B07CC /* SearchyCell.swift */ = {isa = PBXFileReference; fileEncoding = 4; lastKnownFileType = sourcecode.swift; path = SearchyCell.swift; sourceTree = "<group>"; };
		5A6326C21BFB8630000B07CC /* SearchyDisplayItem.swift */ = {isa = PBXFileReference; fileEncoding = 4; lastKnownFileType = sourcecode.swift; path = SearchyDisplayItem.swift; sourceTree = "<group>"; };
		5A6326C41BFB868E000B07CC /* SearchyDetailView.swift */ = {isa = PBXFileReference; fileEncoding = 4; lastKnownFileType = sourcecode.swift; path = SearchyDetailView.swift; sourceTree = "<group>"; };
		5A8E371F1BFA262700D6E6BC /* Transition.swift */ = {isa = PBXFileReference; fileEncoding = 4; lastKnownFileType = sourcecode.swift; path = Transition.swift; sourceTree = "<group>"; };
		5AEB20621BEB9D7700418692 /* SearchyView.swift */ = {isa = PBXFileReference; fileEncoding = 4; lastKnownFileType = sourcecode.swift; path = SearchyView.swift; sourceTree = "<group>"; };
/* End PBXFileReference section */

/* Begin PBXFrameworksBuildPhase section */
		5A18392E1BEA6BC900622B04 /* Frameworks */ = {
			isa = PBXFrameworksBuildPhase;
			buildActionMask = 2147483647;
			files = (
				4DCB710E1C4EA6220027B59B /* RxCocoa.framework in Frameworks */,
				5A18395B1BEA764000622B04 /* Result.framework in Frameworks */,
				4DCB710B1C4E95A40027B59B /* RxSwift.framework in Frameworks */,
			);
			runOnlyForDeploymentPostprocessing = 0;
		};
		5A3A5FA41BF3936800A99B68 /* Frameworks */ = {
			isa = PBXFrameworksBuildPhase;
			buildActionMask = 2147483647;
			files = (
				5A3A5FB21BF39D8800A99B68 /* Result.framework in Frameworks */,
			);
			runOnlyForDeploymentPostprocessing = 0;
		};
/* End PBXFrameworksBuildPhase section */

/* Begin PBXGroup section */
		24CD4A6213AEED8C0DE7C23F /* Frameworks */ = {
			isa = PBXGroup;
			children = (
				4DCB710D1C4EA6220027B59B /* RxCocoa.framework */,
				4DCB710A1C4E95A40027B59B /* RxSwift.framework */,
				5A1839561BEA762100622B04 /* Result.framework */,
			);
			name = Frameworks;
			sourceTree = "<group>";
		};
		4D1128091BFF7148004370E0 /* Search Results UI */ = {
			isa = PBXGroup;
			children = (
				5A1839361BEA6BC900622B04 /* SearchyController.swift */,
				5AEB20621BEB9D7700418692 /* SearchyView.swift */,
				5A18395D1BEA7B4B00622B04 /* SearchyBinding.swift */,
				5A8E371F1BFA262700D6E6BC /* Transition.swift */,
				5A6326C01BFA8C53000B07CC /* SearchyCell.swift */,
			);
			name = "Search Results UI";
			sourceTree = "<group>";
		};
		4D11280A1BFF717E004370E0 /* Model */ = {
			isa = PBXGroup;
			children = (
				5A18395F1BEA7B8500622B04 /* SearchyModel.swift */,
				5A1839631BEA846900622B04 /* SearchResult.swift */,
			);
			name = Model;
			sourceTree = "<group>";
		};
		4D11280B1BFF7194004370E0 /* Service */ = {
			isa = PBXGroup;
			children = (
				5A1839651BEA866300622B04 /* NetworkLayer.swift */,
				5A1839611BEA7D8400622B04 /* SearchService.swift */,
				5A6326AE1BFA7189000B07CC /* ImageProvider.swift */,
			);
			name = Service;
			sourceTree = "<group>";
		};
		4D11280C1BFF71B9004370E0 /* Common */ = {
			isa = PBXGroup;
			children = (
				5A6326BE1BFA8ACE000B07CC /* ApplicationContext.swift */,
				4DCB71151C4EABC70027B59B /* Optional.swift */,
				4DCB711B1C4EAF030027B59B /* RxDisposal.swift */,
				4DCB71101C4EABB50027B59B /* RxOperators.swift */,
				4DCB71171C4EAD020027B59B /* RxVariableBinding.swift */,
				4DCB71191C4EAD0C0027B59B /* RxVariableBindingTests.swift */,
				4DCB71111C4EABB50027B59B /* RxOperatorsTests.swift */,
			);
			name = Common;
			sourceTree = "<group>";
		};
		4D11280D1BFF7203004370E0 /* Result Detail UI */ = {
			isa = PBXGroup;
			children = (
				5A6326AC1BFA6FBD000B07CC /* SearchyDetailController.swift */,
				5A6326C21BFB8630000B07CC /* SearchyDisplayItem.swift */,
				5A6326C41BFB868E000B07CC /* SearchyDetailView.swift */,
			);
			name = "Result Detail UI";
			sourceTree = "<group>";
		};
		4D11280E1BFF721D004370E0 /* Supporting Files */ = {
			isa = PBXGroup;
			children = (
				5A1839341BEA6BC900622B04 /* AppDelegate.swift */,
				5A18393D1BEA6BC900622B04 /* Assets.xcassets */,
				5A18393F1BEA6BC900622B04 /* LaunchScreen.storyboard */,
				5A1839421BEA6BC900622B04 /* Info.plist */,
				5A3A5FB51BF3F23700A99B68 /* main.swift */,
			);
			name = "Supporting Files";
			sourceTree = "<group>";
		};
		5A1839281BEA6BC900622B04 = {
			isa = PBXGroup;
			children = (
				5A1839331BEA6BC900622B04 /* Searchy */,
				5A3A5FA81BF3936800A99B68 /* SearchyTests */,
				5A1839321BEA6BC900622B04 /* Products */,
				24CD4A6213AEED8C0DE7C23F /* Frameworks */,
			);
			sourceTree = "<group>";
		};
		5A1839321BEA6BC900622B04 /* Products */ = {
			isa = PBXGroup;
			children = (
				5A1839311BEA6BC900622B04 /* Searchy.app */,
				5A3A5FA71BF3936800A99B68 /* SearchyTests.xctest */,
			);
			name = Products;
			sourceTree = "<group>";
		};
		5A1839331BEA6BC900622B04 /* Searchy */ = {
			isa = PBXGroup;
			children = (
				4D11280D1BFF7203004370E0 /* Result Detail UI */,
				4D1128091BFF7148004370E0 /* Search Results UI */,
				4D11280A1BFF717E004370E0 /* Model */,
				4D11280B1BFF7194004370E0 /* Service */,
				4D11280C1BFF71B9004370E0 /* Common */,
				4D11280E1BFF721D004370E0 /* Supporting Files */,
			);
			path = Searchy;
			sourceTree = "<group>";
		};
		5A3A5FA81BF3936800A99B68 /* SearchyTests */ = {
			isa = PBXGroup;
			children = (
				5A3A5FA91BF3936800A99B68 /* SearchyModelTests.swift */,
				5A6326B21BFA7B75000B07CC /* clone-1.png */,
				5A6326B31BFA7B75000B07CC /* clone-2.png */,
				5A6326B41BFA7B75000B07CC /* clone-3.png */,
				5A6326B51BFA7B75000B07CC /* clone-4.png */,
				5A3A5FAB1BF3936800A99B68 /* Info.plist */,
				5A6326B01BFA7355000B07CC /* ImageProviderTests.swift */,
			);
			path = SearchyTests;
			sourceTree = "<group>";
		};
/* End PBXGroup section */

/* Begin PBXNativeTarget section */
		5A1839301BEA6BC900622B04 /* Searchy */ = {
			isa = PBXNativeTarget;
			buildConfigurationList = 5A1839451BEA6BC900622B04 /* Build configuration list for PBXNativeTarget "Searchy" */;
			buildPhases = (
				5A18392D1BEA6BC900622B04 /* Sources */,
				5A18392E1BEA6BC900622B04 /* Frameworks */,
				5A18392F1BEA6BC900622B04 /* Resources */,
				5A1839541BEA75AE00622B04 /* Embed Frameworks */,
			);
			buildRules = (
			);
			dependencies = (
			);
			name = Searchy;
			productName = Searchy;
			productReference = 5A1839311BEA6BC900622B04 /* Searchy.app */;
			productType = "com.apple.product-type.application";
		};
		5A3A5FA61BF3936800A99B68 /* SearchyTests */ = {
			isa = PBXNativeTarget;
			buildConfigurationList = 5A3A5FB01BF3936800A99B68 /* Build configuration list for PBXNativeTarget "SearchyTests" */;
			buildPhases = (
				5A3A5FA31BF3936800A99B68 /* Sources */,
				5A3A5FA41BF3936800A99B68 /* Frameworks */,
				5A3A5FA51BF3936800A99B68 /* Resources */,
			);
			buildRules = (
			);
			dependencies = (
				5A3A5FAD1BF3936800A99B68 /* PBXTargetDependency */,
			);
			name = SearchyTests;
			productName = SearchyTests;
			productReference = 5A3A5FA71BF3936800A99B68 /* SearchyTests.xctest */;
			productType = "com.apple.product-type.bundle.unit-test";
		};
/* End PBXNativeTarget section */

/* Begin PBXProject section */
		5A1839291BEA6BC900622B04 /* Project object */ = {
			isa = PBXProject;
			attributes = {
				LastSwiftUpdateCheck = 0720;
				LastUpgradeCheck = 0710;
				ORGANIZATIONNAME = Asynchrony;
				TargetAttributes = {
					5A1839301BEA6BC900622B04 = {
						CreatedOnToolsVersion = 7.1;
						DevelopmentTeam = 4GE5RZ8NEV;
					};
					5A3A5FA61BF3936800A99B68 = {
						CreatedOnToolsVersion = 7.2;
						TestTargetID = 5A1839301BEA6BC900622B04;
					};
				};
			};
			buildConfigurationList = 5A18392C1BEA6BC900622B04 /* Build configuration list for PBXProject "Searchy" */;
			compatibilityVersion = "Xcode 3.2";
			developmentRegion = English;
			hasScannedForEncodings = 0;
			knownRegions = (
				en,
				Base,
			);
			mainGroup = 5A1839281BEA6BC900622B04;
			productRefGroup = 5A1839321BEA6BC900622B04 /* Products */;
			projectDirPath = "";
			projectRoot = "";
			targets = (
				5A1839301BEA6BC900622B04 /* Searchy */,
				5A3A5FA61BF3936800A99B68 /* SearchyTests */,
			);
		};
/* End PBXProject section */

/* Begin PBXResourcesBuildPhase section */
		5A18392F1BEA6BC900622B04 /* Resources */ = {
			isa = PBXResourcesBuildPhase;
			buildActionMask = 2147483647;
			files = (
				5A1839411BEA6BC900622B04 /* LaunchScreen.storyboard in Resources */,
				5A18393E1BEA6BC900622B04 /* Assets.xcassets in Resources */,
			);
			runOnlyForDeploymentPostprocessing = 0;
		};
		5A3A5FA51BF3936800A99B68 /* Resources */ = {
			isa = PBXResourcesBuildPhase;
			buildActionMask = 2147483647;
			files = (
				5A6326B91BFA7B75000B07CC /* clone-4.png in Resources */,
				5A6326B81BFA7B75000B07CC /* clone-3.png in Resources */,
				5A6326B71BFA7B75000B07CC /* clone-2.png in Resources */,
				5A6326B61BFA7B75000B07CC /* clone-1.png in Resources */,
			);
			runOnlyForDeploymentPostprocessing = 0;
		};
/* End PBXResourcesBuildPhase section */

/* Begin PBXSourcesBuildPhase section */
		5A18392D1BEA6BC900622B04 /* Sources */ = {
			isa = PBXSourcesBuildPhase;
			buildActionMask = 2147483647;
			files = (
				5A1839661BEA866400622B04 /* NetworkLayer.swift in Sources */,
				5A1839371BEA6BC900622B04 /* SearchyController.swift in Sources */,
				5A6326BF1BFA8ACE000B07CC /* ApplicationContext.swift in Sources */,
				5A1839601BEA7B8500622B04 /* SearchyModel.swift in Sources */,
				5A1839621BEA7D8400622B04 /* SearchService.swift in Sources */,
				4DCB71181C4EAD020027B59B /* RxVariableBinding.swift in Sources */,
				5A18395E1BEA7B4B00622B04 /* SearchyBinding.swift in Sources */,
				5AEB20631BEB9D7700418692 /* SearchyView.swift in Sources */,
				5A6326C31BFB8630000B07CC /* SearchyDisplayItem.swift in Sources */,
				5A6326C11BFA8C53000B07CC /* SearchyCell.swift in Sources */,
				4DCB71121C4EABB50027B59B /* RxOperators.swift in Sources */,
				5A3A5FB61BF3F23700A99B68 /* main.swift in Sources */,
				5A1839641BEA846900622B04 /* SearchResult.swift in Sources */,
				5A1839351BEA6BC900622B04 /* AppDelegate.swift in Sources */,
				5A6326C51BFB868E000B07CC /* SearchyDetailView.swift in Sources */,
				4DCB711C1C4EAF030027B59B /* RxDisposal.swift in Sources */,
				5A6326AD1BFA6FBD000B07CC /* SearchyDetailController.swift in Sources */,
				5A6326AF1BFA7189000B07CC /* ImageProvider.swift in Sources */,
				4DCB71161C4EABC70027B59B /* Optional.swift in Sources */,
				5A8E37201BFA262700D6E6BC /* Transition.swift in Sources */,
			);
			runOnlyForDeploymentPostprocessing = 0;
		};
		5A3A5FA31BF3936800A99B68 /* Sources */ = {
			isa = PBXSourcesBuildPhase;
			buildActionMask = 2147483647;
			files = (
				5A6326B11BFA7355000B07CC /* ImageProviderTests.swift in Sources */,
				4DCB711A1C4EAD0C0027B59B /* RxVariableBindingTests.swift in Sources */,
				4DCB71141C4EABB90027B59B /* RxOperatorsTests.swift in Sources */,
				5A3A5FAA1BF3936800A99B68 /* SearchyModelTests.swift in Sources */,
			);
			runOnlyForDeploymentPostprocessing = 0;
		};
/* End PBXSourcesBuildPhase section */

/* Begin PBXTargetDependency section */
		5A3A5FAD1BF3936800A99B68 /* PBXTargetDependency */ = {
			isa = PBXTargetDependency;
			target = 5A1839301BEA6BC900622B04 /* Searchy */;
			targetProxy = 5A3A5FAC1BF3936800A99B68 /* PBXContainerItemProxy */;
		};
/* End PBXTargetDependency section */

/* Begin PBXVariantGroup section */
		5A18393F1BEA6BC900622B04 /* LaunchScreen.storyboard */ = {
			isa = PBXVariantGroup;
			children = (
				5A1839401BEA6BC900622B04 /* Base */,
			);
			name = LaunchScreen.storyboard;
			sourceTree = "<group>";
		};
/* End PBXVariantGroup section */

/* Begin XCBuildConfiguration section */
		5A1839431BEA6BC900622B04 /* Debug */ = {
			isa = XCBuildConfiguration;
			buildSettings = {
				ALWAYS_SEARCH_USER_PATHS = NO;
				CLANG_CXX_LANGUAGE_STANDARD = "gnu++0x";
				CLANG_CXX_LIBRARY = "libc++";
				CLANG_ENABLE_MODULES = YES;
				CLANG_ENABLE_OBJC_ARC = YES;
				CLANG_WARN_BOOL_CONVERSION = YES;
				CLANG_WARN_CONSTANT_CONVERSION = YES;
				CLANG_WARN_DIRECT_OBJC_ISA_USAGE = YES_ERROR;
				CLANG_WARN_EMPTY_BODY = YES;
				CLANG_WARN_ENUM_CONVERSION = YES;
				CLANG_WARN_INT_CONVERSION = YES;
				CLANG_WARN_OBJC_ROOT_CLASS = YES_ERROR;
				CLANG_WARN_UNREACHABLE_CODE = YES;
				CLANG_WARN__DUPLICATE_METHOD_MATCH = YES;
				"CODE_SIGN_IDENTITY[sdk=iphoneos*]" = "iPhone Developer";
				COPY_PHASE_STRIP = NO;
				DEBUG_INFORMATION_FORMAT = dwarf;
				ENABLE_STRICT_OBJC_MSGSEND = YES;
				ENABLE_TESTABILITY = YES;
				GCC_C_LANGUAGE_STANDARD = gnu99;
				GCC_DYNAMIC_NO_PIC = NO;
				GCC_NO_COMMON_BLOCKS = YES;
				GCC_OPTIMIZATION_LEVEL = 0;
				GCC_PREPROCESSOR_DEFINITIONS = (
					"DEBUG=1",
					"$(inherited)",
				);
				GCC_WARN_64_TO_32_BIT_CONVERSION = YES;
				GCC_WARN_ABOUT_RETURN_TYPE = YES_ERROR;
				GCC_WARN_UNDECLARED_SELECTOR = YES;
				GCC_WARN_UNINITIALIZED_AUTOS = YES_AGGRESSIVE;
				GCC_WARN_UNUSED_FUNCTION = YES;
				GCC_WARN_UNUSED_VARIABLE = YES;
				IPHONEOS_DEPLOYMENT_TARGET = 9.1;
				MTL_ENABLE_DEBUG_INFO = YES;
				ONLY_ACTIVE_ARCH = YES;
				SDKROOT = iphoneos;
				SWIFT_OPTIMIZATION_LEVEL = "-Onone";
			};
			name = Debug;
		};
		5A1839441BEA6BC900622B04 /* Release */ = {
			isa = XCBuildConfiguration;
			buildSettings = {
				ALWAYS_SEARCH_USER_PATHS = NO;
				CLANG_CXX_LANGUAGE_STANDARD = "gnu++0x";
				CLANG_CXX_LIBRARY = "libc++";
				CLANG_ENABLE_MODULES = YES;
				CLANG_ENABLE_OBJC_ARC = YES;
				CLANG_WARN_BOOL_CONVERSION = YES;
				CLANG_WARN_CONSTANT_CONVERSION = YES;
				CLANG_WARN_DIRECT_OBJC_ISA_USAGE = YES_ERROR;
				CLANG_WARN_EMPTY_BODY = YES;
				CLANG_WARN_ENUM_CONVERSION = YES;
				CLANG_WARN_INT_CONVERSION = YES;
				CLANG_WARN_OBJC_ROOT_CLASS = YES_ERROR;
				CLANG_WARN_UNREACHABLE_CODE = YES;
				CLANG_WARN__DUPLICATE_METHOD_MATCH = YES;
				"CODE_SIGN_IDENTITY[sdk=iphoneos*]" = "iPhone Developer";
				COPY_PHASE_STRIP = NO;
				DEBUG_INFORMATION_FORMAT = "dwarf-with-dsym";
				ENABLE_NS_ASSERTIONS = NO;
				ENABLE_STRICT_OBJC_MSGSEND = YES;
				GCC_C_LANGUAGE_STANDARD = gnu99;
				GCC_NO_COMMON_BLOCKS = YES;
				GCC_WARN_64_TO_32_BIT_CONVERSION = YES;
				GCC_WARN_ABOUT_RETURN_TYPE = YES_ERROR;
				GCC_WARN_UNDECLARED_SELECTOR = YES;
				GCC_WARN_UNINITIALIZED_AUTOS = YES_AGGRESSIVE;
				GCC_WARN_UNUSED_FUNCTION = YES;
				GCC_WARN_UNUSED_VARIABLE = YES;
				IPHONEOS_DEPLOYMENT_TARGET = 9.1;
				MTL_ENABLE_DEBUG_INFO = NO;
				SDKROOT = iphoneos;
				VALIDATE_PRODUCT = YES;
			};
			name = Release;
		};
		5A1839461BEA6BC900622B04 /* Debug */ = {
			isa = XCBuildConfiguration;
			buildSettings = {
				ASSETCATALOG_COMPILER_APPICON_NAME = AppIcon;
				CODE_SIGN_IDENTITY = "iPhone Developer";
				FRAMEWORK_SEARCH_PATHS = (
					"$(inherited)",
					"$(PROJECT_DIR)/build/Debug-iphoneos",
					"$(PROJECT_DIR)",
					"$(PROJECT_DIR)/Carthage/Build/iOS",
				);
				INFOPLIST_FILE = Searchy/Info.plist;
				IPHONEOS_DEPLOYMENT_TARGET = 8.0;
				LD_RUNPATH_SEARCH_PATHS = "$(inherited) @executable_path/Frameworks";
				PRODUCT_BUNDLE_IDENTIFIER = com.escappe.Searchy;
				PRODUCT_NAME = "$(TARGET_NAME)";
			};
			name = Debug;
		};
		5A1839471BEA6BC900622B04 /* Release */ = {
			isa = XCBuildConfiguration;
			buildSettings = {
				ASSETCATALOG_COMPILER_APPICON_NAME = AppIcon;
				CODE_SIGN_IDENTITY = "iPhone Developer";
				FRAMEWORK_SEARCH_PATHS = (
					"$(inherited)",
					"$(PROJECT_DIR)/build/Debug-iphoneos",
					"$(PROJECT_DIR)",
					"$(PROJECT_DIR)/Carthage/Build/iOS",
				);
				INFOPLIST_FILE = Searchy/Info.plist;
				IPHONEOS_DEPLOYMENT_TARGET = 8.0;
				LD_RUNPATH_SEARCH_PATHS = "$(inherited) @executable_path/Frameworks";
				PRODUCT_BUNDLE_IDENTIFIER = com.escappe.Searchy;
				PRODUCT_NAME = "$(TARGET_NAME)";
			};
			name = Release;
		};
		5A3A5FAE1BF3936800A99B68 /* Debug */ = {
			isa = XCBuildConfiguration;
			buildSettings = {
				BUNDLE_LOADER = "$(TEST_HOST)";
				FRAMEWORK_SEARCH_PATHS = (
					"$(inherited)",
					"$(PROJECT_DIR)/Carthage/Build/iOS",
				);
				INFOPLIST_FILE = SearchyTests/Info.plist;
				IPHONEOS_DEPLOYMENT_TARGET = 9.1;
				LD_RUNPATH_SEARCH_PATHS = "$(inherited) @executable_path/Frameworks @loader_path/Frameworks";
				PRODUCT_BUNDLE_IDENTIFIER = com.asynchrony.SearchyTests;
				PRODUCT_NAME = "$(TARGET_NAME)";
				TEST_HOST = "$(BUILT_PRODUCTS_DIR)/Searchy.app/Searchy";
			};
			name = Debug;
		};
		5A3A5FAF1BF3936800A99B68 /* Release */ = {
			isa = XCBuildConfiguration;
			buildSettings = {
				BUNDLE_LOADER = "$(TEST_HOST)";
				FRAMEWORK_SEARCH_PATHS = (
					"$(inherited)",
					"$(PROJECT_DIR)/Carthage/Build/iOS",
				);
				INFOPLIST_FILE = SearchyTests/Info.plist;
				IPHONEOS_DEPLOYMENT_TARGET = 9.1;
				LD_RUNPATH_SEARCH_PATHS = "$(inherited) @executable_path/Frameworks @loader_path/Frameworks";
				PRODUCT_BUNDLE_IDENTIFIER = com.asynchrony.SearchyTests;
				PRODUCT_NAME = "$(TARGET_NAME)";
				TEST_HOST = "$(BUILT_PRODUCTS_DIR)/Searchy.app/Searchy";
			};
			name = Release;
		};
/* End XCBuildConfiguration section */

/* Begin XCConfigurationList section */
		5A18392C1BEA6BC900622B04 /* Build configuration list for PBXProject "Searchy" */ = {
			isa = XCConfigurationList;
			buildConfigurations = (
				5A1839431BEA6BC900622B04 /* Debug */,
				5A1839441BEA6BC900622B04 /* Release */,
			);
			defaultConfigurationIsVisible = 0;
			defaultConfigurationName = Release;
		};
		5A1839451BEA6BC900622B04 /* Build configuration list for PBXNativeTarget "Searchy" */ = {
			isa = XCConfigurationList;
			buildConfigurations = (
				5A1839461BEA6BC900622B04 /* Debug */,
				5A1839471BEA6BC900622B04 /* Release */,
			);
			defaultConfigurationIsVisible = 0;
			defaultConfigurationName = Release;
		};
		5A3A5FB01BF3936800A99B68 /* Build configuration list for PBXNativeTarget "SearchyTests" */ = {
			isa = XCConfigurationList;
			buildConfigurations = (
				5A3A5FAE1BF3936800A99B68 /* Debug */,
				5A3A5FAF1BF3936800A99B68 /* Release */,
			);
			defaultConfigurationIsVisible = 0;
			defaultConfigurationName = Release;
		};
/* End XCConfigurationList section */
	};
	rootObject = 5A1839291BEA6BC900622B04 /* Project object */;
}
